
Microsoft Visual Studio Solution File, Format Version 12.00
# Visual Studio Version 17
VisualStudioVersion = 17.12.35527.113 d17.12
MinimumVisualStudioVersion = 10.0.40219.1
Project("{2150E333-8FDC-42A3-9474-1A3956D46DE8}") = "Services", "Services", "{EBD338EC-3354-4D29-B430-FF952D5DFBDA}"
EndProject
Project("{2150E333-8FDC-42A3-9474-1A3956D46DE8}") = "Catalog", "Catalog", "{1674FBD1-58AF-4794-9BDD-E0895AD9F99D}"
EndProject
Global
	GlobalSection(SolutionProperties) = preSolution
		HideSolutionNode = FALSE
	EndGlobalSection
	GlobalSection(NestedProjects) = preSolution
		{1674FBD1-58AF-4794-9BDD-E0895AD9F99D} = {EBD338EC-3354-4D29-B430-FF952D5DFBDA}
	EndGlobalSection
EndGlobal
